
Microsoft Visual Studio Solution File, Format Version 12.00
# Visual Studio Version 16
VisualStudioVersion = 16.0.30611.23
MinimumVisualStudioVersion = 10.0.40219.1
Project("{9A19103F-16F7-4668-BE54-9A1E7A4F7556}") = "PM_HomeWorks", "PM_HomeWorks\PM_HomeWorks.csproj", "{E6099AAD-AE53-41A8-A65C-D2713A21125F}"
EndProject
Project("{9A19103F-16F7-4668-BE54-9A1E7A4F7556}") = "HomeWork1", "HomeWork1\HomeWork1.csproj", "{D2B9D13E-5809-4E9C-9CA8-A35CC34E6332}"
EndProject
Project("{FAE04EC0-301F-11D3-BF4B-00C04F79EFBC}") = "Exercise1_2", "Exercise1_2\Exercise1_2.csproj", "{B922B37D-63C3-4C31-B08F-36B21E39EDCC}"
EndProject
Project("{FAE04EC0-301F-11D3-BF4B-00C04F79EFBC}") = "Exercise1_3", "Exercise1_3\Exercise1_3.csproj", "{31B9C61B-AEB3-4BCA-BDCC-FA811E54C4D8}"
EndProject
Project("{9A19103F-16F7-4668-BE54-9A1E7A4F7556}") = "Exercise1_1", "Exercise1_1\Exercise1_1.csproj", "{62092960-AAD1-44A8-8CFE-CDF8F50BFFD8}"
EndProject
Project("{2150E333-8FDC-42A3-9474-1A3956D46DE8}") = "Home work1", "Home work1", "{CCBAB01C-CD2E-4804-AAEE-5AE0F3111186}"
EndProject
Project("{FAE04EC0-301F-11D3-BF4B-00C04F79EFBC}") = "Exercise1_4", "Exercise1_4\Exercise1_4.csproj", "{6C6C8977-8A60-4E4B-BA41-BEE5EE8C0871}"
EndProject
Project("{FAE04EC0-301F-11D3-BF4B-00C04F79EFBC}") = "Exercise2_1", "Exercise2_1\Exercise2_1.csproj", "{5B4462D0-1FB5-495D-AF5F-B7454D0F0FAC}"
EndProject
Project("{FAE04EC0-301F-11D3-BF4B-00C04F79EFBC}") = "Exercise2_2", "Exercise2_2\Exercise2_2.csproj", "{1D16A0B7-3BB9-4FEF-B7FD-C1B3BFB76C51}"
EndProject
Project("{FAE04EC0-301F-11D3-BF4B-00C04F79EFBC}") = "Exercise2_3", "Exercise2_3\Exercise2_3.csproj", "{FC1B9A3B-FF42-4C2F-9B80-24CBB7EABE59}"
EndProject
Project("{FAE04EC0-301F-11D3-BF4B-00C04F79EFBC}") = "Exercise2_4", "Exercise2_4\Exercise2_4.csproj", "{E63DC011-A252-4129-AF26-73AFB35D60C0}"
EndProject
Project("{FAE04EC0-301F-11D3-BF4B-00C04F79EFBC}") = "Exercise3", "Exercise3\Exercise3.csproj", "{0AF0E37C-8AE5-4459-833E-D8E6675CE3C4}"
EndProject
Global
	GlobalSection(SolutionConfigurationPlatforms) = preSolution
		Debug|Any CPU = Debug|Any CPU
		Release|Any CPU = Release|Any CPU
	EndGlobalSection
	GlobalSection(ProjectConfigurationPlatforms) = postSolution
		{E6099AAD-AE53-41A8-A65C-D2713A21125F}.Debug|Any CPU.ActiveCfg = Debug|Any CPU
		{E6099AAD-AE53-41A8-A65C-D2713A21125F}.Debug|Any CPU.Build.0 = Debug|Any CPU
		{E6099AAD-AE53-41A8-A65C-D2713A21125F}.Release|Any CPU.ActiveCfg = Release|Any CPU
		{E6099AAD-AE53-41A8-A65C-D2713A21125F}.Release|Any CPU.Build.0 = Release|Any CPU
		{D2B9D13E-5809-4E9C-9CA8-A35CC34E6332}.Debug|Any CPU.ActiveCfg = Debug|Any CPU
		{D2B9D13E-5809-4E9C-9CA8-A35CC34E6332}.Debug|Any CPU.Build.0 = Debug|Any CPU
		{D2B9D13E-5809-4E9C-9CA8-A35CC34E6332}.Release|Any CPU.ActiveCfg = Release|Any CPU
		{D2B9D13E-5809-4E9C-9CA8-A35CC34E6332}.Release|Any CPU.Build.0 = Release|Any CPU
		{B922B37D-63C3-4C31-B08F-36B21E39EDCC}.Debug|Any CPU.ActiveCfg = Debug|Any CPU
		{B922B37D-63C3-4C31-B08F-36B21E39EDCC}.Debug|Any CPU.Build.0 = Debug|Any CPU
		{B922B37D-63C3-4C31-B08F-36B21E39EDCC}.Release|Any CPU.ActiveCfg = Release|Any CPU
		{B922B37D-63C3-4C31-B08F-36B21E39EDCC}.Release|Any CPU.Build.0 = Release|Any CPU
		{31B9C61B-AEB3-4BCA-BDCC-FA811E54C4D8}.Debug|Any CPU.ActiveCfg = Debug|Any CPU
		{31B9C61B-AEB3-4BCA-BDCC-FA811E54C4D8}.Debug|Any CPU.Build.0 = Debug|Any CPU
		{31B9C61B-AEB3-4BCA-BDCC-FA811E54C4D8}.Release|Any CPU.ActiveCfg = Release|Any CPU
		{31B9C61B-AEB3-4BCA-BDCC-FA811E54C4D8}.Release|Any CPU.Build.0 = Release|Any CPU
		{62092960-AAD1-44A8-8CFE-CDF8F50BFFD8}.Debug|Any CPU.ActiveCfg = Debug|Any CPU
		{62092960-AAD1-44A8-8CFE-CDF8F50BFFD8}.Debug|Any CPU.Build.0 = Debug|Any CPU
		{62092960-AAD1-44A8-8CFE-CDF8F50BFFD8}.Release|Any CPU.ActiveCfg = Release|Any CPU
		{62092960-AAD1-44A8-8CFE-CDF8F50BFFD8}.Release|Any CPU.Build.0 = Release|Any CPU
		{6C6C8977-8A60-4E4B-BA41-BEE5EE8C0871}.Debug|Any CPU.ActiveCfg = Debug|Any CPU
		{6C6C8977-8A60-4E4B-BA41-BEE5EE8C0871}.Debug|Any CPU.Build.0 = Debug|Any CPU
		{6C6C8977-8A60-4E4B-BA41-BEE5EE8C0871}.Release|Any CPU.ActiveCfg = Release|Any CPU
		{6C6C8977-8A60-4E4B-BA41-BEE5EE8C0871}.Release|Any CPU.Build.0 = Release|Any CPU
		{5B4462D0-1FB5-495D-AF5F-B7454D0F0FAC}.Debug|Any CPU.ActiveCfg = Debug|Any CPU
		{5B4462D0-1FB5-495D-AF5F-B7454D0F0FAC}.Debug|Any CPU.Build.0 = Debug|Any CPU
		{5B4462D0-1FB5-495D-AF5F-B7454D0F0FAC}.Release|Any CPU.ActiveCfg = Release|Any CPU
		{5B4462D0-1FB5-495D-AF5F-B7454D0F0FAC}.Release|Any CPU.Build.0 = Release|Any CPU
		{1D16A0B7-3BB9-4FEF-B7FD-C1B3BFB76C51}.Debug|Any CPU.ActiveCfg = Debug|Any CPU
		{1D16A0B7-3BB9-4FEF-B7FD-C1B3BFB76C51}.Debug|Any CPU.Build.0 = Debug|Any CPU
		{1D16A0B7-3BB9-4FEF-B7FD-C1B3BFB76C51}.Release|Any CPU.ActiveCfg = Release|Any CPU
		{1D16A0B7-3BB9-4FEF-B7FD-C1B3BFB76C51}.Release|Any CPU.Build.0 = Release|Any CPU
		{FC1B9A3B-FF42-4C2F-9B80-24CBB7EABE59}.Debug|Any CPU.ActiveCfg = Debug|Any CPU
		{FC1B9A3B-FF42-4C2F-9B80-24CBB7EABE59}.Debug|Any CPU.Build.0 = Debug|Any CPU
		{FC1B9A3B-FF42-4C2F-9B80-24CBB7EABE59}.Release|Any CPU.ActiveCfg = Release|Any CPU
		{FC1B9A3B-FF42-4C2F-9B80-24CBB7EABE59}.Release|Any CPU.Build.0 = Release|Any CPU
		{E63DC011-A252-4129-AF26-73AFB35D60C0}.Debug|Any CPU.ActiveCfg = Debug|Any CPU
		{E63DC011-A252-4129-AF26-73AFB35D60C0}.Debug|Any CPU.Build.0 = Debug|Any CPU
		{E63DC011-A252-4129-AF26-73AFB35D60C0}.Release|Any CPU.ActiveCfg = Release|Any CPU
		{E63DC011-A252-4129-AF26-73AFB35D60C0}.Release|Any CPU.Build.0 = Release|Any CPU
		{0AF0E37C-8AE5-4459-833E-D8E6675CE3C4}.Debug|Any CPU.ActiveCfg = Debug|Any CPU
		{0AF0E37C-8AE5-4459-833E-D8E6675CE3C4}.Debug|Any CPU.Build.0 = Debug|Any CPU
		{0AF0E37C-8AE5-4459-833E-D8E6675CE3C4}.Release|Any CPU.ActiveCfg = Release|Any CPU
		{0AF0E37C-8AE5-4459-833E-D8E6675CE3C4}.Release|Any CPU.Build.0 = Release|Any CPU
	EndGlobalSection
	GlobalSection(SolutionProperties) = preSolution
		HideSolutionNode = FALSE
	EndGlobalSection
	GlobalSection(NestedProjects) = preSolution
		{D2B9D13E-5809-4E9C-9CA8-A35CC34E6332} = {CCBAB01C-CD2E-4804-AAEE-5AE0F3111186}
		{B922B37D-63C3-4C31-B08F-36B21E39EDCC} = {CCBAB01C-CD2E-4804-AAEE-5AE0F3111186}
		{31B9C61B-AEB3-4BCA-BDCC-FA811E54C4D8} = {CCBAB01C-CD2E-4804-AAEE-5AE0F3111186}
		{62092960-AAD1-44A8-8CFE-CDF8F50BFFD8} = {CCBAB01C-CD2E-4804-AAEE-5AE0F3111186}
		{6C6C8977-8A60-4E4B-BA41-BEE5EE8C0871} = {CCBAB01C-CD2E-4804-AAEE-5AE0F3111186}
		{5B4462D0-1FB5-495D-AF5F-B7454D0F0FAC} = {CCBAB01C-CD2E-4804-AAEE-5AE0F3111186}
		{1D16A0B7-3BB9-4FEF-B7FD-C1B3BFB76C51} = {CCBAB01C-CD2E-4804-AAEE-5AE0F3111186}
		{FC1B9A3B-FF42-4C2F-9B80-24CBB7EABE59} = {CCBAB01C-CD2E-4804-AAEE-5AE0F3111186}
		{E63DC011-A252-4129-AF26-73AFB35D60C0} = {CCBAB01C-CD2E-4804-AAEE-5AE0F3111186}
		{0AF0E37C-8AE5-4459-833E-D8E6675CE3C4} = {CCBAB01C-CD2E-4804-AAEE-5AE0F3111186}
	EndGlobalSection
	GlobalSection(ExtensibilityGlobals) = postSolution
		SolutionGuid = {7EDB9F48-19A8-46FF-903B-EB19BAA10B33}
	EndGlobalSection
EndGlobal
