
Microsoft Visual Studio Solution File, Format Version 12.00
# Visual Studio Version 16
VisualStudioVersion = 16.0.30804.86
MinimumVisualStudioVersion = 10.0.40219.1
Project("{9A19103F-16F7-4668-BE54-9A1E7A4F7556}") = "Task2_CurrencyConverter", "Task2_CurrencyConverter\Task2_CurrencyConverter.csproj", "{05153D0D-F2E1-4B08-A216-0559A4016CAD}"
EndProject
Project("{9A19103F-16F7-4668-BE54-9A1E7A4F7556}") = "Task1_FindingPrimes", "Task1_FindingPrimes\Task1_FindingPrimes.csproj", "{0162DD5E-D053-4BED-A595-48F6644B3746}"
EndProject
Project("{9A19103F-16F7-4668-BE54-9A1E7A4F7556}") = "Task3_Notes", "Task3_Notes\Task3_Notes.csproj", "{BDC41AB9-5866-4759-9D41-9C29088411DC}"
EndProject
Global
	GlobalSection(SolutionConfigurationPlatforms) = preSolution
		Debug|Any CPU = Debug|Any CPU
		Release|Any CPU = Release|Any CPU
	EndGlobalSection
	GlobalSection(ProjectConfigurationPlatforms) = postSolution
		{05153D0D-F2E1-4B08-A216-0559A4016CAD}.Debug|Any CPU.ActiveCfg = Debug|Any CPU
		{05153D0D-F2E1-4B08-A216-0559A4016CAD}.Debug|Any CPU.Build.0 = Debug|Any CPU
		{05153D0D-F2E1-4B08-A216-0559A4016CAD}.Release|Any CPU.ActiveCfg = Release|Any CPU
		{05153D0D-F2E1-4B08-A216-0559A4016CAD}.Release|Any CPU.Build.0 = Release|Any CPU
		{0162DD5E-D053-4BED-A595-48F6644B3746}.Debug|Any CPU.ActiveCfg = Debug|Any CPU
		{0162DD5E-D053-4BED-A595-48F6644B3746}.Debug|Any CPU.Build.0 = Debug|Any CPU
		{0162DD5E-D053-4BED-A595-48F6644B3746}.Release|Any CPU.ActiveCfg = Release|Any CPU
		{0162DD5E-D053-4BED-A595-48F6644B3746}.Release|Any CPU.Build.0 = Release|Any CPU
		{BDC41AB9-5866-4759-9D41-9C29088411DC}.Debug|Any CPU.ActiveCfg = Debug|Any CPU
		{BDC41AB9-5866-4759-9D41-9C29088411DC}.Debug|Any CPU.Build.0 = Debug|Any CPU
		{BDC41AB9-5866-4759-9D41-9C29088411DC}.Release|Any CPU.ActiveCfg = Release|Any CPU
		{BDC41AB9-5866-4759-9D41-9C29088411DC}.Release|Any CPU.Build.0 = Release|Any CPU
	EndGlobalSection
	GlobalSection(SolutionProperties) = preSolution
		HideSolutionNode = FALSE
	EndGlobalSection
	GlobalSection(ExtensibilityGlobals) = postSolution
		SolutionGuid = {BAF59280-DA00-43BD-B2D5-9593E978645C}
	EndGlobalSection
EndGlobal
